{
  "nodes": {
    "graphics-fw": {
      "flake": false,
      "locked": {
        "narHash": "sha256-DiuwsxW7fS+l1wiI8itOEHV1RvonZxjSI29mzubTBio=",
        "type": "file",
        "url": "https://download.lenovo.com/pccbbs/mobiles/n3hdr20w.exe"
      },
      "original": {
        "type": "file",
        "url": "https://download.lenovo.com/pccbbs/mobiles/n3hdr20w.exe"
      }
    },
    "jhovold-src": {
      "flake": false,
      "locked": {
        "lastModified": 1728887054,
        "narHash": "sha256-fyXyjrzptxvhG+7xI4ADo6raKRZWzg/Jph1waR2Vc30=",
        "owner": "jhovold",
        "repo": "linux",
        "rev": "6bc37da2231cfed860662fa9717d0cf2896e1145",
        "type": "github"
      },
      "original": {
        "owner": "jhovold",
        "ref": "wip/sc8280xp-6.12-rc3",
        "repo": "linux",
        "type": "github"
      }
    },
    "nixpkgs": {
      "locked": {
        "lastModified": 1729256560,
        "narHash": "sha256-/uilDXvCIEs3C9l73JTACm4quuHUsIHcns1c+cHUJwA=",
        "owner": "nixos",
        "repo": "nixpkgs",
        "rev": "4c2fcb090b1f3e5b47eaa7bd33913b574a11e0a0",
        "type": "github"
      },
      "original": {
        "owner": "nixos",
        "ref": "nixos-unstable",
        "repo": "nixpkgs",
        "type": "github"
      }
    },
    "root": {
      "inputs": {
        "graphics-fw": "graphics-fw",
        "jhovold-src": "jhovold-src",
        "nixpkgs": "nixpkgs"
      }
    }
  },
  "root": "root",
  "version": 7
}
