{
  "nodes": {
    "jhovold-linux": {
      "flake": false,
      "locked": {
        "lastModified": 1729611773,
        "narHash": "sha256-9aMsXr5M2QsqbNpM3dcTApDxMdtdS0PHmarHZkHXReA=",
        "owner": "jhovold",
        "repo": "linux",
        "rev": "47eaeee39f67f1aca064615b6929da7b765e93da",
        "type": "github"
      },
      "original": {
        "owner": "jhovold",
        "ref": "wip/sc8280xp-6.12-rc4",
        "repo": "linux",
        "type": "github"
      }
    },
    "nixpkgs": {
      "locked": {
        "lastModified": 1729665710,
        "narHash": "sha256-AlcmCXJZPIlO5dmFzV3V2XF6x/OpNWUV8Y/FMPGd8Z4=",
        "owner": "NixOS",
        "repo": "nixpkgs",
        "rev": "2768c7d042a37de65bb1b5b3268fc987e534c49d",
        "type": "github"
      },
      "original": {
        "owner": "NixOS",
        "ref": "nixos-unstable",
        "repo": "nixpkgs",
        "type": "github"
      }
    },
    "root": {
      "inputs": {
        "jhovold-linux": "jhovold-linux",
        "nixpkgs": "nixpkgs"
      }
    }
  },
  "root": "root",
  "version": 7
}
