{
  "nodes": {
    "gpu-fw": {
      "flake": false,
      "locked": {
        "narHash": "sha256-DiuwsxW7fS+l1wiI8itOEHV1RvonZxjSI29mzubTBio=",
        "type": "file",
        "url": "https://download.lenovo.com/pccbbs/mobiles/n3hdr20w.exe"
      },
      "original": {
        "type": "file",
        "url": "https://download.lenovo.com/pccbbs/mobiles/n3hdr20w.exe"
      }
    },
    "jhovold": {
      "flake": false,
      "locked": {
        "lastModified": 1725863301,
        "narHash": "sha256-xOrmt5FyuQxFEWHJRU2IB/Wr4B5QANju6O1ykSDCwYQ=",
        "owner": "jhovold",
        "repo": "linux",
        "rev": "67bfac6ca1b558df9d5d018298ac425188994ab7",
        "type": "github"
      },
      "original": {
        "owner": "jhovold",
        "ref": "wip/sc8280xp-6.11-rc7",
        "repo": "linux",
        "type": "github"
      }
    },
    "linux-firmware-gitlab": {
      "flake": false,
      "locked": {
        "lastModified": 1725469974,
        "narHash": "sha256-KH7W5zJlHswaGL+rXd1Uql40s5hQUfjVl3aKkwyHVcI=",
        "owner": "kernel-firmware",
        "repo": "linux-firmware",
        "rev": "87cae274d38e69f6e9461f966fe42d223e20d7be",
        "type": "gitlab"
      },
      "original": {
        "owner": "kernel-firmware",
        "ref": "main",
        "repo": "linux-firmware",
        "type": "gitlab"
      }
    },
    "linux-fw": {
      "inputs": {
        "linux-firmware-gitlab": "linux-firmware-gitlab",
        "nixpkgs": "nixpkgs"
      },
      "locked": {
        "lastModified": 1725831315,
        "narHash": "sha256-4O78HTnvfKtWxMaIMyHYPesYi9GEJ1ECv20H6uKElVw=",
        "owner": "TheNightmanCodeth",
        "repo": "linux-firmware-git-flake",
        "rev": "0243c29053b3d6a7e2ed0f9d8e8de0e0ef8580c6",
        "type": "github"
      },
      "original": {
        "owner": "TheNightmanCodeth",
        "ref": "main",
        "repo": "linux-firmware-git-flake",
        "type": "github"
      }
    },
    "nixpkgs": {
      "locked": {
        "lastModified": 1725634671,
        "narHash": "sha256-v3rIhsJBOMLR8e/RNWxr828tB+WywYIoajrZKFM+0Gg=",
        "owner": "nixos",
        "repo": "nixpkgs",
        "rev": "574d1eac1c200690e27b8eb4e24887f8df7ac27c",
        "type": "github"
      },
      "original": {
        "owner": "nixos",
        "ref": "nixos-unstable",
        "repo": "nixpkgs",
        "type": "github"
      }
    },
    "nixpkgs_2": {
      "locked": {
        "lastModified": 1725983898,
        "narHash": "sha256-4b3A9zPpxAxLnkF9MawJNHDtOOl6ruL0r6Og1TEDGCE=",
        "owner": "nixos",
        "repo": "nixpkgs",
        "rev": "1355a0cbfeac61d785b7183c0caaec1f97361b43",
        "type": "github"
      },
      "original": {
        "owner": "nixos",
        "ref": "nixos-unstable",
        "repo": "nixpkgs",
        "type": "github"
      }
    },
    "root": {
      "inputs": {
        "gpu-fw": "gpu-fw",
        "jhovold": "jhovold",
        "linux-fw": "linux-fw",
        "nixpkgs": "nixpkgs_2"
      }
    }
  },
  "root": "root",
  "version": 7
}
